{
	"name": "misis-diploma",
	"version": "0.0.1",
	"lockfileVersion": 3,
	"requires": true,
	"packages": {
		"": {
			"name": "misis-diploma",
			"version": "0.0.1",
			"license": "ISC",
			"devDependencies": {
				"@biomejs/biome": "2.4.12"
			}
		},
		"node_modules/@biomejs/biome": {
			"version": "2.4.12",
			"dev": true,
			"license": "MIT OR Apache-2.0",
			"bin": {
				"biome": "bin/biome"
			},
			"engines": {
				"node": ">=14.21.3"
			},
			"funding": {
				"type": "opencollective",
				"url": "https://opencollective.com/biome"
			},
			"optionalDependencies": {
				"@biomejs/cli-darwin-arm64": "2.4.12",
				"@biomejs/cli-darwin-x64": "2.4.12",
				"@biomejs/cli-linux-arm64": "2.4.12",
				"@biomejs/cli-linux-arm64-musl": "2.4.12",
				"@biomejs/cli-linux-x64": "2.4.12",
				"@biomejs/cli-linux-x64-musl": "2.4.12",
				"@biomejs/cli-win32-arm64": "2.4.12",
				"@biomejs/cli-win32-x64": "2.4.12"
			}
		},
		"node_modules/@biomejs/cli-win32-x64": {
			"version": "2.4.12",
			"cpu": [
				"x64"
			],
			"dev": true,
			"license": "MIT OR Apache-2.0",
			"optional": true,
			"os": [
				"win32"
			],
			"engines": {
				"node": ">=14.21.3"
			}
		}
	}
}
